// !$*UTF8*$!
{
	archiveVersion = 1;
	classes = {
	};
	objectVersion = 56;
	objects = {

/* Begin PBXBuildFile section */
		3F0B8C0029B310E40018BD60 /* ScreenRecorder.swift in Sources */ = {isa = PBXBuildFile; fileRef = 3F0B8BFD29B310E40018BD60 /* ScreenRecorder.swift */; };
		3F0B8C0129B310E40018BD60 /* CaptureEngine.swift in Sources */ = {isa = PBXBuildFile; fileRef = 3F0B8BFE29B310E40018BD60 /* CaptureEngine.swift */; };
		3F14BDCA29BCEF6500F12FE7 /* Highlightr in Frameworks */ = {isa = PBXBuildFile; productRef = 3F14BDC929BCEF6500F12FE7 /* Highlightr */; };
		3F14BDCC29BD920200F12FE7 /* ChatView.swift in Sources */ = {isa = PBXBuildFile; fileRef = 3F14BDCB29BD920200F12FE7 /* ChatView.swift */; };
		3F14BDD029BDE82F00F12FE7 /* EpisodePlaylistView.swift in Sources */ = {isa = PBXBuildFile; fileRef = 3F14BDCF29BDE82F00F12FE7 /* EpisodePlaylistView.swift */; };
		3F14BDD229BF06F900F12FE7 /* EpisodeView.swift in Sources */ = {isa = PBXBuildFile; fileRef = 3F14BDD129BF06F900F12FE7 /* EpisodeView.swift */; };
		3F14BDD629C0D4A900F12FE7 /* AVKit.framework in Frameworks */ = {isa = PBXBuildFile; fileRef = 3F14BDD529C0D4A800F12FE7 /* AVKit.framework */; };
		3F58AE2629B18344007E7703 /* Events.swift in Sources */ = {isa = PBXBuildFile; fileRef = 3F58AE2529B18344007E7703 /* Events.swift */; };
		3F68242229AEBF270044A0F2 /* Cyte.xcdatamodeld in Sources */ = {isa = PBXBuildFile; fileRef = 3F68242029AEBF270044A0F2 /* Cyte.xcdatamodeld */; };
		3F6FE07E29C424230061DBF5 /* StaticEpisodeView.swift in Sources */ = {isa = PBXBuildFile; fileRef = 3F6FE07D29C424230061DBF5 /* StaticEpisodeView.swift */; };
		3F6FE08129CAB0170061DBF5 /* SQLite in Frameworks */ = {isa = PBXBuildFile; productRef = 3F6FE08029CAB0170061DBF5 /* SQLite */; };
		3F7BB7DB29E0112900D8A0BB /* Browser.swift in Sources */ = {isa = PBXBuildFile; fileRef = 3F7BB7DA29E0112900D8A0BB /* Browser.swift */; };
		3F7BB7DD29E26C7000D8A0BB /* EpisodeModel.swift in Sources */ = {isa = PBXBuildFile; fileRef = 3F7BB7DC29E26C7000D8A0BB /* EpisodeModel.swift */; };
		3F7BB7DF29E2AC9F00D8A0BB /* AdvancedSearchView.swift in Sources */ = {isa = PBXBuildFile; fileRef = 3F7BB7DE29E2AC9F00D8A0BB /* AdvancedSearchView.swift */; };
		3F7BB7E129E2AF8700D8A0BB /* View.swift in Sources */ = {isa = PBXBuildFile; fileRef = 3F7BB7E029E2AF8700D8A0BB /* View.swift */; };
		3F7BB7E329E2B39700D8A0BB /* SearchBarView.swift in Sources */ = {isa = PBXBuildFile; fileRef = 3F7BB7E229E2B39700D8A0BB /* SearchBarView.swift */; };
		3F7BB7E629E4E89E00D8A0BB /* Cyte1-2.xcmappingmodel in Sources */ = {isa = PBXBuildFile; fileRef = 3F7BB7E529E4E89E00D8A0BB /* Cyte1-2.xcmappingmodel */; };
		3F7DA05829B6F8AE00EF2F5E /* Settings.swift in Sources */ = {isa = PBXBuildFile; fileRef = 3F7DA05729B6F8AE00EF2F5E /* Settings.swift */; };
		3FAD36A629B1BB5C00CCCE82 /* Analysis.swift in Sources */ = {isa = PBXBuildFile; fileRef = 3FAD36A529B1BB5C00CCCE82 /* Analysis.swift */; };
		3FAD36A929B1BB9800CCCE82 /* Memory.swift in Sources */ = {isa = PBXBuildFile; fileRef = 3FAD36A829B1BB9800CCCE82 /* Memory.swift */; };
		3FAD36AC29B1BD1A00CCCE82 /* Agent.swift in Sources */ = {isa = PBXBuildFile; fileRef = 3FAD36AB29B1BD1A00CCCE82 /* Agent.swift */; };
		3FC6C78029CBBD5A004E19FF /* DiffMatchPatch.framework in Frameworks */ = {isa = PBXBuildFile; fileRef = 3FC6C77E29CBBCCB004E19FF /* DiffMatchPatch.framework */; };
		3FC6C78129CBBD5A004E19FF /* DiffMatchPatch.framework in Embed Frameworks */ = {isa = PBXBuildFile; fileRef = 3FC6C77E29CBBCCB004E19FF /* DiffMatchPatch.framework */; settings = {ATTRIBUTES = (CodeSignOnCopy, RemoveHeadersOnCopy, ); }; };
		3FC6C78B29CC2EA2004E19FF /* KeychainSwift in Frameworks */ = {isa = PBXBuildFile; productRef = 3FC6C78A29CC2EA2004E19FF /* KeychainSwift */; };
		3FCAA20029AC7C0100898995 /* CyteApp.swift in Sources */ = {isa = PBXBuildFile; fileRef = 3FCAA1FF29AC7C0100898995 /* CyteApp.swift */; };
		3FCAA20229AC7C0100898995 /* Persistence.swift in Sources */ = {isa = PBXBuildFile; fileRef = 3FCAA20129AC7C0100898995 /* Persistence.swift */; };
		3FCAA20729AC7C0100898995 /* ContentView.swift in Sources */ = {isa = PBXBuildFile; fileRef = 3FCAA20629AC7C0100898995 /* ContentView.swift */; };
		3FCAA20929AC7C0400898995 /* Assets.xcassets in Resources */ = {isa = PBXBuildFile; fileRef = 3FCAA20829AC7C0400898995 /* Assets.xcassets */; };
		3FCAA20D29AC7C0400898995 /* Preview Assets.xcassets in Resources */ = {isa = PBXBuildFile; fileRef = 3FCAA20C29AC7C0400898995 /* Preview Assets.xcassets */; };
		3FDBE5B529CD7BAC00A4C6C0 /* OpenAI in Frameworks */ = {isa = PBXBuildFile; productRef = 3FDBE5B429CD7BAC00A4C6C0 /* OpenAI */; };
		3FDBE5BB29D0029800A4C6C0 /* ObjcExceptionBridging in Frameworks */ = {isa = PBXBuildFile; productRef = 3FDBE5BA29D0029800A4C6C0 /* ObjcExceptionBridging */; };
		3FDBE5BD29D0029800A4C6C0 /* XCGLogger in Frameworks */ = {isa = PBXBuildFile; productRef = 3FDBE5BC29D0029800A4C6C0 /* XCGLogger */; };
		3FDBE5C429D4704300A4C6C0 /* Export.swift in Sources */ = {isa = PBXBuildFile; fileRef = 3FDBE5C329D4704300A4C6C0 /* Export.swift */; };
		3FE7822329DB15A8008CB97D /* AXSwift in Frameworks */ = {isa = PBXBuildFile; productRef = 3FE7822229DB15A8008CB97D /* AXSwift */; };
		3FE7822629DBDB4A008CB97D /* llama in Frameworks */ = {isa = PBXBuildFile; productRef = 3FE7822529DBDB4A008CB97D /* llama */; };
/* End PBXBuildFile section */

/* Begin PBXCopyFilesBuildPhase section */
		3FC6C78229CBBD5A004E19FF /* Embed Frameworks */ = {
			isa = PBXCopyFilesBuildPhase;
			buildActionMask = 2147483647;
			dstPath = "";
			dstSubfolderSpec = 10;
			files = (
				3FC6C78129CBBD5A004E19FF /* DiffMatchPatch.framework in Embed Frameworks */,
			);
			name = "Embed Frameworks";
			runOnlyForDeploymentPostprocessing = 0;
		};
/* End PBXCopyFilesBuildPhase section */

/* Begin PBXFileReference section */
		3F0B8BFD29B310E40018BD60 /* ScreenRecorder.swift */ = {isa = PBXFileReference; fileEncoding = 4; lastKnownFileType = sourcecode.swift; path = ScreenRecorder.swift; sourceTree = "<group>"; };
		3F0B8BFE29B310E40018BD60 /* CaptureEngine.swift */ = {isa = PBXFileReference; fileEncoding = 4; lastKnownFileType = sourcecode.swift; path = CaptureEngine.swift; sourceTree = "<group>"; };
		3F0B8BFF29B310E40018BD60 /* README.md */ = {isa = PBXFileReference; fileEncoding = 4; lastKnownFileType = net.daringfireball.markdown; path = README.md; sourceTree = "<group>"; };
		3F0B8C0329B316920018BD60 /* README.md */ = {isa = PBXFileReference; fileEncoding = 4; lastKnownFileType = net.daringfireball.markdown; path = README.md; sourceTree = "<group>"; };
		3F14BDCB29BD920200F12FE7 /* ChatView.swift */ = {isa = PBXFileReference; lastKnownFileType = sourcecode.swift; path = ChatView.swift; sourceTree = "<group>"; };
		3F14BDCF29BDE82F00F12FE7 /* EpisodePlaylistView.swift */ = {isa = PBXFileReference; fileEncoding = 4; lastKnownFileType = sourcecode.swift; path = EpisodePlaylistView.swift; sourceTree = "<group>"; };
		3F14BDD129BF06F900F12FE7 /* EpisodeView.swift */ = {isa = PBXFileReference; fileEncoding = 4; lastKnownFileType = sourcecode.swift; path = EpisodeView.swift; sourceTree = "<group>"; };
		3F14BDD529C0D4A800F12FE7 /* AVKit.framework */ = {isa = PBXFileReference; lastKnownFileType = wrapper.framework; name = AVKit.framework; path = Platforms/iPhoneOS.platform/Developer/SDKs/iPhoneOS16.2.sdk/System/Library/Frameworks/AVKit.framework; sourceTree = DEVELOPER_DIR; };
		3F58AE2529B18344007E7703 /* Events.swift */ = {isa = PBXFileReference; lastKnownFileType = sourcecode.swift; path = Events.swift; sourceTree = "<group>"; };
		3F68242129AEBF270044A0F2 /* Cyte.xcdatamodel */ = {isa = PBXFileReference; lastKnownFileType = wrapper.xcdatamodel; path = Cyte.xcdatamodel; sourceTree = "<group>"; };
		3F6FE07D29C424230061DBF5 /* StaticEpisodeView.swift */ = {isa = PBXFileReference; fileEncoding = 4; lastKnownFileType = sourcecode.swift; path = StaticEpisodeView.swift; sourceTree = "<group>"; };
		3F7BB7DA29E0112900D8A0BB /* Browser.swift */ = {isa = PBXFileReference; lastKnownFileType = sourcecode.swift; path = Browser.swift; sourceTree = "<group>"; };
		3F7BB7DC29E26C7000D8A0BB /* EpisodeModel.swift */ = {isa = PBXFileReference; lastKnownFileType = sourcecode.swift; path = EpisodeModel.swift; sourceTree = "<group>"; };
		3F7BB7DE29E2AC9F00D8A0BB /* AdvancedSearchView.swift */ = {isa = PBXFileReference; lastKnownFileType = sourcecode.swift; path = AdvancedSearchView.swift; sourceTree = "<group>"; };
		3F7BB7E029E2AF8700D8A0BB /* View.swift */ = {isa = PBXFileReference; lastKnownFileType = sourcecode.swift; path = View.swift; sourceTree = "<group>"; };
		3F7BB7E229E2B39700D8A0BB /* SearchBarView.swift */ = {isa = PBXFileReference; lastKnownFileType = sourcecode.swift; path = SearchBarView.swift; sourceTree = "<group>"; };
		3F7BB7E429E4E74100D8A0BB /* Cyte 2.xcdatamodel */ = {isa = PBXFileReference; lastKnownFileType = wrapper.xcdatamodel; path = "Cyte 2.xcdatamodel"; sourceTree = "<group>"; };
		3F7BB7E529E4E89E00D8A0BB /* Cyte1-2.xcmappingmodel */ = {isa = PBXFileReference; lastKnownFileType = wrapper.xcmappingmodel; path = "Cyte1-2.xcmappingmodel"; sourceTree = "<group>"; };
		3F7DA05729B6F8AE00EF2F5E /* Settings.swift */ = {isa = PBXFileReference; lastKnownFileType = sourcecode.swift; path = Settings.swift; sourceTree = "<group>"; };
		3F9E3DFA29BA157600FE31CB /* Info.plist */ = {isa = PBXFileReference; lastKnownFileType = text.plist; path = Info.plist; sourceTree = "<group>"; };
		3FAD36A529B1BB5C00CCCE82 /* Analysis.swift */ = {isa = PBXFileReference; lastKnownFileType = sourcecode.swift; path = Analysis.swift; sourceTree = "<group>"; };
		3FAD36A829B1BB9800CCCE82 /* Memory.swift */ = {isa = PBXFileReference; lastKnownFileType = sourcecode.swift; path = Memory.swift; sourceTree = "<group>"; };
		3FAD36AB29B1BD1A00CCCE82 /* Agent.swift */ = {isa = PBXFileReference; lastKnownFileType = sourcecode.swift; path = Agent.swift; sourceTree = "<group>"; };
		3FAD36AD29B1BE8700CCCE82 /* README.md */ = {isa = PBXFileReference; lastKnownFileType = net.daringfireball.markdown; path = README.md; sourceTree = "<group>"; };
		3FAD36AE29B1C18600CCCE82 /* README.md */ = {isa = PBXFileReference; lastKnownFileType = net.daringfireball.markdown; path = README.md; sourceTree = "<group>"; };
		3FAD36B129B1C29300CCCE82 /* README.md */ = {isa = PBXFileReference; lastKnownFileType = net.daringfireball.markdown; path = README.md; sourceTree = "<group>"; };
		3FC6C76929CBBB74004E19FF /* Cyte-Bridging-Header.h */ = {isa = PBXFileReference; lastKnownFileType = sourcecode.c.h; path = "Cyte-Bridging-Header.h"; sourceTree = "<group>"; };
		3FC6C77E29CBBCCB004E19FF /* DiffMatchPatch.framework */ = {isa = PBXFileReference; lastKnownFileType = wrapper.framework; path = DiffMatchPatch.framework; sourceTree = "<group>"; };
		3FCAA1FC29AC7C0100898995 /* Cyte.app */ = {isa = PBXFileReference; explicitFileType = wrapper.application; includeInIndex = 0; path = Cyte.app; sourceTree = BUILT_PRODUCTS_DIR; };
		3FCAA1FF29AC7C0100898995 /* CyteApp.swift */ = {isa = PBXFileReference; lastKnownFileType = sourcecode.swift; path = CyteApp.swift; sourceTree = "<group>"; };
		3FCAA20129AC7C0100898995 /* Persistence.swift */ = {isa = PBXFileReference; lastKnownFileType = sourcecode.swift; path = Persistence.swift; sourceTree = "<group>"; };
		3FCAA20629AC7C0100898995 /* ContentView.swift */ = {isa = PBXFileReference; lastKnownFileType = sourcecode.swift; path = ContentView.swift; sourceTree = "<group>"; };
		3FCAA20829AC7C0400898995 /* Assets.xcassets */ = {isa = PBXFileReference; lastKnownFileType = folder.assetcatalog; path = Assets.xcassets; sourceTree = "<group>"; };
		3FCAA20A29AC7C0400898995 /* Cyte.entitlements */ = {isa = PBXFileReference; lastKnownFileType = text.plist.entitlements; path = Cyte.entitlements; sourceTree = "<group>"; };
		3FCAA20C29AC7C0400898995 /* Preview Assets.xcassets */ = {isa = PBXFileReference; lastKnownFileType = folder.assetcatalog; path = "Preview Assets.xcassets"; sourceTree = "<group>"; };
		3FDBE5C329D4704300A4C6C0 /* Export.swift */ = {isa = PBXFileReference; lastKnownFileType = sourcecode.swift; path = Export.swift; sourceTree = "<group>"; };
/* End PBXFileReference section */

/* Begin PBXFrameworksBuildPhase section */
		3FCAA1F929AC7C0100898995 /* Frameworks */ = {
			isa = PBXFrameworksBuildPhase;
			buildActionMask = 2147483647;
			files = (
				3FE7822629DBDB4A008CB97D /* llama in Frameworks */,
				3FDBE5BB29D0029800A4C6C0 /* ObjcExceptionBridging in Frameworks */,
				3F6FE08129CAB0170061DBF5 /* SQLite in Frameworks */,
				3F14BDCA29BCEF6500F12FE7 /* Highlightr in Frameworks */,
				3FC6C78B29CC2EA2004E19FF /* KeychainSwift in Frameworks */,
				3FDBE5BD29D0029800A4C6C0 /* XCGLogger in Frameworks */,
				3FDBE5B529CD7BAC00A4C6C0 /* OpenAI in Frameworks */,
				3F14BDD629C0D4A900F12FE7 /* AVKit.framework in Frameworks */,
				3FC6C78029CBBD5A004E19FF /* DiffMatchPatch.framework in Frameworks */,
				3FE7822329DB15A8008CB97D /* AXSwift in Frameworks */,
			);
			runOnlyForDeploymentPostprocessing = 0;
		};
/* End PBXFrameworksBuildPhase section */

/* Begin PBXGroup section */
		3F0B8BFC29B310CB0018BD60 /* Perceive */ = {
			isa = PBXGroup;
			children = (
				3F0B8BFE29B310E40018BD60 /* CaptureEngine.swift */,
				3F0B8BFF29B310E40018BD60 /* README.md */,
				3F0B8BFD29B310E40018BD60 /* ScreenRecorder.swift */,
			);
			path = Perceive;
			sourceTree = "<group>";
		};
		3F8F932829B5CF9C00C938DE /* Frameworks */ = {
			isa = PBXGroup;
			children = (
				3F14BDD529C0D4A800F12FE7 /* AVKit.framework */,
				3FC6C77E29CBBCCB004E19FF /* DiffMatchPatch.framework */,
			);
			name = Frameworks;
			sourceTree = "<group>";
		};
		3FAD36A329B1BACB00CCCE82 /* Classify */ = {
			isa = PBXGroup;
			children = (
				3FAD36A529B1BB5C00CCCE82 /* Analysis.swift */,
				3FAD36AE29B1C18600CCCE82 /* README.md */,
			);
			path = Classify;
			sourceTree = "<group>";
		};
		3FAD36A429B1BB0000CCCE82 /* Support */ = {
			isa = PBXGroup;
			children = (
				3F58AE2529B18344007E7703 /* Events.swift */,
				3FDBE5C329D4704300A4C6C0 /* Export.swift */,
				3F7BB7DA29E0112900D8A0BB /* Browser.swift */,
				3F7BB7E029E2AF8700D8A0BB /* View.swift */,
			);
			path = Support;
			sourceTree = "<group>";
		};
		3FAD36A729B1BB6400CCCE82 /* Retain */ = {
			isa = PBXGroup;
			children = (
				3FCAA20129AC7C0100898995 /* Persistence.swift */,
				3FAD36A829B1BB9800CCCE82 /* Memory.swift */,
				3FAD36B129B1C29300CCCE82 /* README.md */,
			);
			path = Retain;
			sourceTree = "<group>";
		};
		3FAD36AA29B1BC8400CCCE82 /* Reason */ = {
			isa = PBXGroup;
			children = (
				3FAD36AB29B1BD1A00CCCE82 /* Agent.swift */,
				3FAD36AD29B1BE8700CCCE82 /* README.md */,
			);
			path = Reason;
			sourceTree = "<group>";
		};
		3FAD36AF29B1C21E00CCCE82 /* Views */ = {
			isa = PBXGroup;
			children = (
				3F6FE07D29C424230061DBF5 /* StaticEpisodeView.swift */,
				3F14BDD129BF06F900F12FE7 /* EpisodeView.swift */,
				3F14BDCF29BDE82F00F12FE7 /* EpisodePlaylistView.swift */,
				3FCAA20629AC7C0100898995 /* ContentView.swift */,
				3F7DA05729B6F8AE00EF2F5E /* Settings.swift */,
				3F14BDCB29BD920200F12FE7 /* ChatView.swift */,
				3F7BB7DC29E26C7000D8A0BB /* EpisodeModel.swift */,
				3F7BB7DE29E2AC9F00D8A0BB /* AdvancedSearchView.swift */,
				3F7BB7E229E2B39700D8A0BB /* SearchBarView.swift */,
			);
			path = Views;
			sourceTree = "<group>";
		};
		3FC6C76829CBBB1D004E19FF /* Diff */ = {
			isa = PBXGroup;
			children = (
				3FC6C76929CBBB74004E19FF /* Cyte-Bridging-Header.h */,
			);
			path = Diff;
			sourceTree = "<group>";
		};
		3FC6C78F29CCF773004E19FF /* Packages */ = {
			isa = PBXGroup;
			children = (
			);
			name = Packages;
			sourceTree = "<group>";
		};
		3FCAA1F329AC7C0100898995 = {
			isa = PBXGroup;
			children = (
				3F7BB7E529E4E89E00D8A0BB /* Cyte1-2.xcmappingmodel */,
				3FC6C78F29CCF773004E19FF /* Packages */,
				3FCAA1FE29AC7C0100898995 /* Cyte */,
				3FCAA1FD29AC7C0100898995 /* Products */,
				3F8F932829B5CF9C00C938DE /* Frameworks */,
			);
			sourceTree = "<group>";
		};
		3FCAA1FD29AC7C0100898995 /* Products */ = {
			isa = PBXGroup;
			children = (
				3FCAA1FC29AC7C0100898995 /* Cyte.app */,
			);
			name = Products;
			sourceTree = "<group>";
		};
		3FCAA1FE29AC7C0100898995 /* Cyte */ = {
			isa = PBXGroup;
			children = (
				3FC6C76829CBBB1D004E19FF /* Diff */,
				3F9E3DFA29BA157600FE31CB /* Info.plist */,
				3F0B8C0329B316920018BD60 /* README.md */,
				3F0B8BFC29B310CB0018BD60 /* Perceive */,
				3FAD36AF29B1C21E00CCCE82 /* Views */,
				3FAD36AA29B1BC8400CCCE82 /* Reason */,
				3FAD36A729B1BB6400CCCE82 /* Retain */,
				3FAD36A429B1BB0000CCCE82 /* Support */,
				3FAD36A329B1BACB00CCCE82 /* Classify */,
				3F68242029AEBF270044A0F2 /* Cyte.xcdatamodeld */,
				3FCAA1FF29AC7C0100898995 /* CyteApp.swift */,
				3FCAA20829AC7C0400898995 /* Assets.xcassets */,
				3FCAA20A29AC7C0400898995 /* Cyte.entitlements */,
				3FCAA20B29AC7C0400898995 /* Preview Content */,
			);
			path = Cyte;
			sourceTree = "<group>";
		};
		3FCAA20B29AC7C0400898995 /* Preview Content */ = {
			isa = PBXGroup;
			children = (
				3FCAA20C29AC7C0400898995 /* Preview Assets.xcassets */,
			);
			path = "Preview Content";
			sourceTree = "<group>";
		};
/* End PBXGroup section */

/* Begin PBXNativeTarget section */
		3FCAA1FB29AC7C0100898995 /* Cyte */ = {
			isa = PBXNativeTarget;
			buildConfigurationList = 3FCAA21029AC7C0400898995 /* Build configuration list for PBXNativeTarget "Cyte" */;
			buildPhases = (
				3FCAA1F829AC7C0100898995 /* Sources */,
				3FCAA1F929AC7C0100898995 /* Frameworks */,
				3FCAA1FA29AC7C0100898995 /* Resources */,
				3FC6C78229CBBD5A004E19FF /* Embed Frameworks */,
			);
			buildRules = (
			);
			dependencies = (
			);
			name = Cyte;
			packageProductDependencies = (
				3F14BDC929BCEF6500F12FE7 /* Highlightr */,
				3F6FE08029CAB0170061DBF5 /* SQLite */,
				3FC6C78A29CC2EA2004E19FF /* KeychainSwift */,
				3FDBE5B429CD7BAC00A4C6C0 /* OpenAI */,
				3FDBE5BA29D0029800A4C6C0 /* ObjcExceptionBridging */,
				3FDBE5BC29D0029800A4C6C0 /* XCGLogger */,
				3FE7822529DBDB4A008CB97D /* llama */,
				3FE7822229DB15A8008CB97D /* AXSwift */,
			);
			productName = Cyte;
			productReference = 3FCAA1FC29AC7C0100898995 /* Cyte.app */;
			productType = "com.apple.product-type.application";
		};
/* End PBXNativeTarget section */

/* Begin PBXProject section */
		3FCAA1F429AC7C0100898995 /* Project object */ = {
			isa = PBXProject;
			attributes = {
				BuildIndependentTargetsInParallel = 1;
				LastSwiftUpdateCheck = 1410;
				LastUpgradeCheck = 1420;
				TargetAttributes = {
					3FCAA1FB29AC7C0100898995 = {
						CreatedOnToolsVersion = 14.1;
						LastSwiftMigration = 1420;
					};
				};
			};
			buildConfigurationList = 3FCAA1F729AC7C0100898995 /* Build configuration list for PBXProject "Cyte" */;
			compatibilityVersion = "Xcode 14.0";
			developmentRegion = en;
			hasScannedForEncodings = 0;
			knownRegions = (
				en,
				Base,
			);
			mainGroup = 3FCAA1F329AC7C0100898995;
			packageReferences = (
				3F14BDC829BCEF6500F12FE7 /* XCRemoteSwiftPackageReference "Highlightr" */,
				3F6FE07F29CAB0170061DBF5 /* XCRemoteSwiftPackageReference "SQLite.swift" */,
				3FC6C78929CC2EA2004E19FF /* XCRemoteSwiftPackageReference "keychain-swift" */,
				3FDBE5B329CD7BAC00A4C6C0 /* XCRemoteSwiftPackageReference "OpenAI" */,
				3FDBE5B929D0029800A4C6C0 /* XCRemoteSwiftPackageReference "XCGLogger" */,
				3FE7822429DBDB4A008CB97D /* XCRemoteSwiftPackageReference "llama" */,
				3FE7822129DB15A8008CB97D /* XCRemoteSwiftPackageReference "AXSwift" */,
			);
			productRefGroup = 3FCAA1FD29AC7C0100898995 /* Products */;
			projectDirPath = "";
			projectRoot = "";
			targets = (
				3FCAA1FB29AC7C0100898995 /* Cyte */,
			);
		};
/* End PBXProject section */

/* Begin PBXResourcesBuildPhase section */
		3FCAA1FA29AC7C0100898995 /* Resources */ = {
			isa = PBXResourcesBuildPhase;
			buildActionMask = 2147483647;
			files = (
				3FCAA20D29AC7C0400898995 /* Preview Assets.xcassets in Resources */,
				3FCAA20929AC7C0400898995 /* Assets.xcassets in Resources */,
			);
			runOnlyForDeploymentPostprocessing = 0;
		};
/* End PBXResourcesBuildPhase section */

/* Begin PBXSourcesBuildPhase section */
		3FCAA1F829AC7C0100898995 /* Sources */ = {
			isa = PBXSourcesBuildPhase;
			buildActionMask = 2147483647;
			files = (
				3F14BDD029BDE82F00F12FE7 /* EpisodePlaylistView.swift in Sources */,
				3F14BDCC29BD920200F12FE7 /* ChatView.swift in Sources */,
				3FCAA20029AC7C0100898995 /* CyteApp.swift in Sources */,
				3F7BB7E629E4E89E00D8A0BB /* Cyte1-2.xcmappingmodel in Sources */,
				3F14BDD229BF06F900F12FE7 /* EpisodeView.swift in Sources */,
				3FAD36AC29B1BD1A00CCCE82 /* Agent.swift in Sources */,
				3F7BB7DF29E2AC9F00D8A0BB /* AdvancedSearchView.swift in Sources */,
				3F7BB7DD29E26C7000D8A0BB /* EpisodeModel.swift in Sources */,
				3F0B8C0129B310E40018BD60 /* CaptureEngine.swift in Sources */,
				3F0B8C0029B310E40018BD60 /* ScreenRecorder.swift in Sources */,
				3FCAA20729AC7C0100898995 /* ContentView.swift in Sources */,
				3F7BB7E329E2B39700D8A0BB /* SearchBarView.swift in Sources */,
				3F7DA05829B6F8AE00EF2F5E /* Settings.swift in Sources */,
				3F7BB7DB29E0112900D8A0BB /* Browser.swift in Sources */,
				3F7BB7E129E2AF8700D8A0BB /* View.swift in Sources */,
				3F68242229AEBF270044A0F2 /* Cyte.xcdatamodeld in Sources */,
				3F58AE2629B18344007E7703 /* Events.swift in Sources */,
				3F6FE07E29C424230061DBF5 /* StaticEpisodeView.swift in Sources */,
				3FAD36A929B1BB9800CCCE82 /* Memory.swift in Sources */,
				3FAD36A629B1BB5C00CCCE82 /* Analysis.swift in Sources */,
				3FCAA20229AC7C0100898995 /* Persistence.swift in Sources */,
				3FDBE5C429D4704300A4C6C0 /* Export.swift in Sources */,
			);
			runOnlyForDeploymentPostprocessing = 0;
		};
/* End PBXSourcesBuildPhase section */

/* Begin XCBuildConfiguration section */
		3FCAA20E29AC7C0400898995 /* Debug */ = {
			isa = XCBuildConfiguration;
			buildSettings = {
				ALWAYS_SEARCH_USER_PATHS = NO;
				CLANG_ANALYZER_NONNULL = YES;
				CLANG_ANALYZER_NUMBER_OBJECT_CONVERSION = YES_AGGRESSIVE;
				CLANG_CXX_LANGUAGE_STANDARD = "gnu++20";
				CLANG_ENABLE_MODULES = YES;
				CLANG_ENABLE_OBJC_ARC = YES;
				CLANG_ENABLE_OBJC_WEAK = YES;
				CLANG_WARN_BLOCK_CAPTURE_AUTORELEASING = YES;
				CLANG_WARN_BOOL_CONVERSION = YES;
				CLANG_WARN_COMMA = YES;
				CLANG_WARN_CONSTANT_CONVERSION = YES;
				CLANG_WARN_DEPRECATED_OBJC_IMPLEMENTATIONS = YES;
				CLANG_WARN_DIRECT_OBJC_ISA_USAGE = YES_ERROR;
				CLANG_WARN_DOCUMENTATION_COMMENTS = YES;
				CLANG_WARN_EMPTY_BODY = YES;
				CLANG_WARN_ENUM_CONVERSION = YES;
				CLANG_WARN_INFINITE_RECURSION = YES;
				CLANG_WARN_INT_CONVERSION = YES;
				CLANG_WARN_NON_LITERAL_NULL_CONVERSION = YES;
				CLANG_WARN_OBJC_IMPLICIT_RETAIN_SELF = YES;
				CLANG_WARN_OBJC_LITERAL_CONVERSION = YES;
				CLANG_WARN_OBJC_ROOT_CLASS = YES_ERROR;
				CLANG_WARN_QUOTED_INCLUDE_IN_FRAMEWORK_HEADER = YES;
				CLANG_WARN_RANGE_LOOP_ANALYSIS = YES;
				CLANG_WARN_STRICT_PROTOTYPES = YES;
				CLANG_WARN_SUSPICIOUS_MOVE = YES;
				CLANG_WARN_UNGUARDED_AVAILABILITY = YES_AGGRESSIVE;
				CLANG_WARN_UNREACHABLE_CODE = YES;
				CLANG_WARN__DUPLICATE_METHOD_MATCH = YES;
				COPY_PHASE_STRIP = NO;
				DEAD_CODE_STRIPPING = YES;
				DEBUG_INFORMATION_FORMAT = dwarf;
				ENABLE_STRICT_OBJC_MSGSEND = YES;
				ENABLE_TESTABILITY = YES;
				GCC_C_LANGUAGE_STANDARD = gnu11;
				GCC_DYNAMIC_NO_PIC = NO;
				GCC_NO_COMMON_BLOCKS = YES;
				GCC_OPTIMIZATION_LEVEL = 0;
				GCC_PREPROCESSOR_DEFINITIONS = (
					"DEBUG=1",
					"$(inherited)",
				);
				GCC_WARN_64_TO_32_BIT_CONVERSION = YES;
				GCC_WARN_ABOUT_RETURN_TYPE = YES_ERROR;
				GCC_WARN_UNDECLARED_SELECTOR = YES;
				GCC_WARN_UNINITIALIZED_AUTOS = YES_AGGRESSIVE;
				GCC_WARN_UNUSED_FUNCTION = YES;
				GCC_WARN_UNUSED_VARIABLE = YES;
				MTL_ENABLE_DEBUG_INFO = INCLUDE_SOURCE;
				MTL_FAST_MATH = YES;
				ONLY_ACTIVE_ARCH = YES;
				SDKROOT = macosx13.1;
				SWIFT_ACTIVE_COMPILATION_CONDITIONS = DEBUG;
				SWIFT_OPTIMIZATION_LEVEL = "-Onone";
			};
			name = Debug;
		};
		3FCAA20F29AC7C0400898995 /* Release */ = {
			isa = XCBuildConfiguration;
			buildSettings = {
				ALWAYS_SEARCH_USER_PATHS = NO;
				CLANG_ANALYZER_NONNULL = YES;
				CLANG_ANALYZER_NUMBER_OBJECT_CONVERSION = YES_AGGRESSIVE;
				CLANG_CXX_LANGUAGE_STANDARD = "gnu++20";
				CLANG_ENABLE_MODULES = YES;
				CLANG_ENABLE_OBJC_ARC = YES;
				CLANG_ENABLE_OBJC_WEAK = YES;
				CLANG_WARN_BLOCK_CAPTURE_AUTORELEASING = YES;
				CLANG_WARN_BOOL_CONVERSION = YES;
				CLANG_WARN_COMMA = YES;
				CLANG_WARN_CONSTANT_CONVERSION = YES;
				CLANG_WARN_DEPRECATED_OBJC_IMPLEMENTATIONS = YES;
				CLANG_WARN_DIRECT_OBJC_ISA_USAGE = YES_ERROR;
				CLANG_WARN_DOCUMENTATION_COMMENTS = YES;
				CLANG_WARN_EMPTY_BODY = YES;
				CLANG_WARN_ENUM_CONVERSION = YES;
				CLANG_WARN_INFINITE_RECURSION = YES;
				CLANG_WARN_INT_CONVERSION = YES;
				CLANG_WARN_NON_LITERAL_NULL_CONVERSION = YES;
				CLANG_WARN_OBJC_IMPLICIT_RETAIN_SELF = YES;
				CLANG_WARN_OBJC_LITERAL_CONVERSION = YES;
				CLANG_WARN_OBJC_ROOT_CLASS = YES_ERROR;
				CLANG_WARN_QUOTED_INCLUDE_IN_FRAMEWORK_HEADER = YES;
				CLANG_WARN_RANGE_LOOP_ANALYSIS = YES;
				CLANG_WARN_STRICT_PROTOTYPES = YES;
				CLANG_WARN_SUSPICIOUS_MOVE = YES;
				CLANG_WARN_UNGUARDED_AVAILABILITY = YES_AGGRESSIVE;
				CLANG_WARN_UNREACHABLE_CODE = YES;
				CLANG_WARN__DUPLICATE_METHOD_MATCH = YES;
				COPY_PHASE_STRIP = NO;
				DEAD_CODE_STRIPPING = YES;
				DEBUG_INFORMATION_FORMAT = "dwarf-with-dsym";
				ENABLE_NS_ASSERTIONS = NO;
				ENABLE_STRICT_OBJC_MSGSEND = YES;
				GCC_C_LANGUAGE_STANDARD = gnu11;
				GCC_NO_COMMON_BLOCKS = YES;
				GCC_WARN_64_TO_32_BIT_CONVERSION = YES;
				GCC_WARN_ABOUT_RETURN_TYPE = YES_ERROR;
				GCC_WARN_UNDECLARED_SELECTOR = YES;
				GCC_WARN_UNINITIALIZED_AUTOS = YES_AGGRESSIVE;
				GCC_WARN_UNUSED_FUNCTION = YES;
				GCC_WARN_UNUSED_VARIABLE = YES;
				MTL_ENABLE_DEBUG_INFO = NO;
				MTL_FAST_MATH = YES;
				SDKROOT = macosx13.1;
				SWIFT_COMPILATION_MODE = wholemodule;
				SWIFT_OPTIMIZATION_LEVEL = "-O";
			};
			name = Release;
		};
		3FCAA21129AC7C0400898995 /* Debug */ = {
			isa = XCBuildConfiguration;
			buildSettings = {
				ASSETCATALOG_COMPILER_APPICON_NAME = AppIcon;
				ASSETCATALOG_COMPILER_GLOBAL_ACCENT_COLOR_NAME = AccentColor;
				CLANG_ENABLE_MODULES = YES;
				CODE_SIGN_ENTITLEMENTS = Cyte/Cyte.entitlements;
				CODE_SIGN_IDENTITY = "-";
				"CODE_SIGN_IDENTITY[sdk=iphoneos*]" = "Apple Development";
				"CODE_SIGN_IDENTITY[sdk=macosx*]" = "Apple Development";
				CODE_SIGN_STYLE = Automatic;
				CURRENT_PROJECT_VERSION = 6;
				DEAD_CODE_STRIPPING = YES;
				DEVELOPMENT_ASSET_PATHS = "\"Cyte/Preview Content\"";
				DEVELOPMENT_TEAM = 794T33TWQW;
				ENABLE_HARDENED_RUNTIME = YES;
				"ENABLE_HARDENED_RUNTIME[sdk=macosx*]" = YES;
				ENABLE_PREVIEWS = YES;
				FRAMEWORK_SEARCH_PATHS = (
					"$(inherited)",
					"$(PROJECT_DIR)",
				);
				GENERATE_INFOPLIST_FILE = YES;
				INFOPLIST_FILE = Cyte/Info.plist;
				INFOPLIST_KEY_CFBundleDisplayName = Cyte;
				INFOPLIST_KEY_LSApplicationCategoryType = "public.app-category.productivity";
				"INFOPLIST_KEY_UIApplicationSceneManifest_Generation[sdk=iphoneos*]" = YES;
				"INFOPLIST_KEY_UIApplicationSceneManifest_Generation[sdk=iphonesimulator*]" = YES;
				"INFOPLIST_KEY_UIApplicationSupportsIndirectInputEvents[sdk=iphoneos*]" = YES;
				"INFOPLIST_KEY_UIApplicationSupportsIndirectInputEvents[sdk=iphonesimulator*]" = YES;
				"INFOPLIST_KEY_UILaunchScreen_Generation[sdk=iphoneos*]" = YES;
				"INFOPLIST_KEY_UILaunchScreen_Generation[sdk=iphonesimulator*]" = YES;
				"INFOPLIST_KEY_UIStatusBarStyle[sdk=iphoneos*]" = UIStatusBarStyleDefault;
				"INFOPLIST_KEY_UIStatusBarStyle[sdk=iphonesimulator*]" = UIStatusBarStyleDefault;
				INFOPLIST_KEY_UISupportedInterfaceOrientations_iPad = "UIInterfaceOrientationPortrait UIInterfaceOrientationPortraitUpsideDown UIInterfaceOrientationLandscapeLeft UIInterfaceOrientationLandscapeRight";
				INFOPLIST_KEY_UISupportedInterfaceOrientations_iPhone = "UIInterfaceOrientationPortrait UIInterfaceOrientationLandscapeLeft UIInterfaceOrientationLandscapeRight";
				IPHONEOS_DEPLOYMENT_TARGET = 16.1;
				LD_RUNPATH_SEARCH_PATHS = "@executable_path/Frameworks";
				"LD_RUNPATH_SEARCH_PATHS[sdk=macosx*]" = "@executable_path/../Frameworks";
				MACOSX_DEPLOYMENT_TARGET = 13.1;
				MARKETING_VERSION = 0.6;
				PRODUCT_BUNDLE_IDENTIFIER = shoplex.Cyte;
				PRODUCT_NAME = "$(TARGET_NAME)";
				SDKROOT = auto;
				SUPPORTED_PLATFORMS = macosx;
				SUPPORTS_MACCATALYST = NO;
				SUPPORTS_MAC_DESIGNED_FOR_IPHONE_IPAD = NO;
				SWIFT_EMIT_LOC_STRINGS = YES;
				SWIFT_OBJC_BRIDGING_HEADER = "Cyte/Diff/Cyte-Bridging-Header.h";
				SWIFT_OPTIMIZATION_LEVEL = "-Onone";
				SWIFT_VERSION = 5.0;
			};
			name = Debug;
		};
		3FCAA21229AC7C0400898995 /* Release */ = {
			isa = XCBuildConfiguration;
			buildSettings = {
				ASSETCATALOG_COMPILER_APPICON_NAME = AppIcon;
				ASSETCATALOG_COMPILER_GLOBAL_ACCENT_COLOR_NAME = AccentColor;
				CLANG_ENABLE_MODULES = YES;
				CODE_SIGN_ENTITLEMENTS = Cyte/Cyte.entitlements;
				CODE_SIGN_IDENTITY = "-";
				"CODE_SIGN_IDENTITY[sdk=iphoneos*]" = "Apple Development";
				"CODE_SIGN_IDENTITY[sdk=macosx*]" = "Apple Development";
				CODE_SIGN_STYLE = Automatic;
				CURRENT_PROJECT_VERSION = 6;
				DEAD_CODE_STRIPPING = YES;
				DEVELOPMENT_ASSET_PATHS = "\"Cyte/Preview Content\"";
				DEVELOPMENT_TEAM = 794T33TWQW;
				ENABLE_HARDENED_RUNTIME = YES;
				"ENABLE_HARDENED_RUNTIME[sdk=macosx*]" = YES;
				ENABLE_PREVIEWS = YES;
				FRAMEWORK_SEARCH_PATHS = (
					"$(inherited)",
					"$(PROJECT_DIR)",
				);
				GENERATE_INFOPLIST_FILE = YES;
				INFOPLIST_FILE = Cyte/Info.plist;
				INFOPLIST_KEY_CFBundleDisplayName = Cyte;
				INFOPLIST_KEY_LSApplicationCategoryType = "public.app-category.productivity";
				"INFOPLIST_KEY_UIApplicationSceneManifest_Generation[sdk=iphoneos*]" = YES;
				"INFOPLIST_KEY_UIApplicationSceneManifest_Generation[sdk=iphonesimulator*]" = YES;
				"INFOPLIST_KEY_UIApplicationSupportsIndirectInputEvents[sdk=iphoneos*]" = YES;
				"INFOPLIST_KEY_UIApplicationSupportsIndirectInputEvents[sdk=iphonesimulator*]" = YES;
				"INFOPLIST_KEY_UILaunchScreen_Generation[sdk=iphoneos*]" = YES;
				"INFOPLIST_KEY_UILaunchScreen_Generation[sdk=iphonesimulator*]" = YES;
				"INFOPLIST_KEY_UIStatusBarStyle[sdk=iphoneos*]" = UIStatusBarStyleDefault;
				"INFOPLIST_KEY_UIStatusBarStyle[sdk=iphonesimulator*]" = UIStatusBarStyleDefault;
				INFOPLIST_KEY_UISupportedInterfaceOrientations_iPad = "UIInterfaceOrientationPortrait UIInterfaceOrientationPortraitUpsideDown UIInterfaceOrientationLandscapeLeft UIInterfaceOrientationLandscapeRight";
				INFOPLIST_KEY_UISupportedInterfaceOrientations_iPhone = "UIInterfaceOrientationPortrait UIInterfaceOrientationLandscapeLeft UIInterfaceOrientationLandscapeRight";
				IPHONEOS_DEPLOYMENT_TARGET = 16.1;
				LD_RUNPATH_SEARCH_PATHS = "@executable_path/Frameworks";
				"LD_RUNPATH_SEARCH_PATHS[sdk=macosx*]" = "@executable_path/../Frameworks";
				MACOSX_DEPLOYMENT_TARGET = 13.1;
				MARKETING_VERSION = 0.6;
				PRODUCT_BUNDLE_IDENTIFIER = shoplex.Cyte;
				PRODUCT_NAME = "$(TARGET_NAME)";
				SDKROOT = auto;
				SUPPORTED_PLATFORMS = macosx;
				SUPPORTS_MACCATALYST = NO;
				SUPPORTS_MAC_DESIGNED_FOR_IPHONE_IPAD = NO;
				SWIFT_EMIT_LOC_STRINGS = YES;
				SWIFT_OBJC_BRIDGING_HEADER = "Cyte/Diff/Cyte-Bridging-Header.h";
				SWIFT_VERSION = 5.0;
			};
			name = Release;
		};
/* End XCBuildConfiguration section */

/* Begin XCConfigurationList section */
		3FCAA1F729AC7C0100898995 /* Build configuration list for PBXProject "Cyte" */ = {
			isa = XCConfigurationList;
			buildConfigurations = (
				3FCAA20E29AC7C0400898995 /* Debug */,
				3FCAA20F29AC7C0400898995 /* Release */,
			);
			defaultConfigurationIsVisible = 0;
			defaultConfigurationName = Release;
		};
		3FCAA21029AC7C0400898995 /* Build configuration list for PBXNativeTarget "Cyte" */ = {
			isa = XCConfigurationList;
			buildConfigurations = (
				3FCAA21129AC7C0400898995 /* Debug */,
				3FCAA21229AC7C0400898995 /* Release */,
			);
			defaultConfigurationIsVisible = 0;
			defaultConfigurationName = Release;
		};
/* End XCConfigurationList section */

/* Begin XCRemoteSwiftPackageReference section */
		3F14BDC829BCEF6500F12FE7 /* XCRemoteSwiftPackageReference "Highlightr" */ = {
			isa = XCRemoteSwiftPackageReference;
			repositoryURL = "https://github.com/raspu/Highlightr";
			requirement = {
				kind = upToNextMajorVersion;
				minimumVersion = 2.0.0;
			};
		};
		3F6FE07F29CAB0170061DBF5 /* XCRemoteSwiftPackageReference "SQLite.swift" */ = {
			isa = XCRemoteSwiftPackageReference;
			repositoryURL = "https://github.com/stephencelis/SQLite.swift.git";
			requirement = {
				kind = upToNextMajorVersion;
				minimumVersion = 0.9.2;
			};
		};
		3FC6C78929CC2EA2004E19FF /* XCRemoteSwiftPackageReference "keychain-swift" */ = {
			isa = XCRemoteSwiftPackageReference;
			repositoryURL = "https://github.com/evgenyneu/keychain-swift";
			requirement = {
				branch = master;
				kind = branch;
			};
		};
		3FDBE5B329CD7BAC00A4C6C0 /* XCRemoteSwiftPackageReference "OpenAI" */ = {
			isa = XCRemoteSwiftPackageReference;
			repositoryURL = "https://github.com/shaunnarayan/OpenAI";
			requirement = {
				branch = main;
				kind = branch;
			};
		};
		3FDBE5B929D0029800A4C6C0 /* XCRemoteSwiftPackageReference "XCGLogger" */ = {
			isa = XCRemoteSwiftPackageReference;
			repositoryURL = "https://github.com/DaveWoodCom/XCGLogger";
			requirement = {
				kind = upToNextMajorVersion;
				minimumVersion = 7.0.0;
			};
		};
		3FE7822129DB15A8008CB97D /* XCRemoteSwiftPackageReference "AXSwift" */ = {
			isa = XCRemoteSwiftPackageReference;
			repositoryURL = "https://github.com/tmandry/AXSwift";
			requirement = {
				kind = upToNextMajorVersion;
				minimumVersion = 0.3.2;
			};
		};
		3FE7822429DBDB4A008CB97D /* XCRemoteSwiftPackageReference "llama" */ = {
			isa = XCRemoteSwiftPackageReference;
			repositoryURL = "https://github.com/ggerganov/llama.cpp";
			requirement = {
				branch = master;
				kind = branch;
			};
		};
/* End XCRemoteSwiftPackageReference section */

/* Begin XCSwiftPackageProductDependency section */
		3F14BDC929BCEF6500F12FE7 /* Highlightr */ = {
			isa = XCSwiftPackageProductDependency;
			package = 3F14BDC829BCEF6500F12FE7 /* XCRemoteSwiftPackageReference "Highlightr" */;
			productName = Highlightr;
		};
		3F6FE08029CAB0170061DBF5 /* SQLite */ = {
			isa = XCSwiftPackageProductDependency;
			package = 3F6FE07F29CAB0170061DBF5 /* XCRemoteSwiftPackageReference "SQLite.swift" */;
			productName = SQLite;
		};
		3FC6C78A29CC2EA2004E19FF /* KeychainSwift */ = {
			isa = XCSwiftPackageProductDependency;
			package = 3FC6C78929CC2EA2004E19FF /* XCRemoteSwiftPackageReference "keychain-swift" */;
			productName = KeychainSwift;
		};
		3FDBE5B429CD7BAC00A4C6C0 /* OpenAI */ = {
			isa = XCSwiftPackageProductDependency;
			package = 3FDBE5B329CD7BAC00A4C6C0 /* XCRemoteSwiftPackageReference "OpenAI" */;
			productName = OpenAI;
		};
		3FDBE5BA29D0029800A4C6C0 /* ObjcExceptionBridging */ = {
			isa = XCSwiftPackageProductDependency;
			package = 3FDBE5B929D0029800A4C6C0 /* XCRemoteSwiftPackageReference "XCGLogger" */;
			productName = ObjcExceptionBridging;
		};
		3FDBE5BC29D0029800A4C6C0 /* XCGLogger */ = {
			isa = XCSwiftPackageProductDependency;
			package = 3FDBE5B929D0029800A4C6C0 /* XCRemoteSwiftPackageReference "XCGLogger" */;
			productName = XCGLogger;
		};
		3FE7822229DB15A8008CB97D /* AXSwift */ = {
			isa = XCSwiftPackageProductDependency;
			package = 3FE7822129DB15A8008CB97D /* XCRemoteSwiftPackageReference "AXSwift" */;
			productName = AXSwift;
		};
		3FE7822529DBDB4A008CB97D /* llama */ = {
			isa = XCSwiftPackageProductDependency;
			package = 3FE7822429DBDB4A008CB97D /* XCRemoteSwiftPackageReference "llama" */;
			productName = llama;
		};
/* End XCSwiftPackageProductDependency section */

/* Begin XCVersionGroup section */
		3F68242029AEBF270044A0F2 /* Cyte.xcdatamodeld */ = {
			isa = XCVersionGroup;
			children = (
				3F7BB7E429E4E74100D8A0BB /* Cyte 2.xcdatamodel */,
				3F68242129AEBF270044A0F2 /* Cyte.xcdatamodel */,
			);
			currentVersion = 3F7BB7E429E4E74100D8A0BB /* Cyte 2.xcdatamodel */;
			path = Cyte.xcdatamodeld;
			sourceTree = "<group>";
			versionGroupType = wrapper.xcdatamodel;
		};
/* End XCVersionGroup section */
	};
	rootObject = 3FCAA1F429AC7C0100898995 /* Project object */;
}
